<?xml version="1.0" encoding="utf-8"?>
<Project ToolsVersion="4.0" xmlns="http://schemas.microsoft.com/developer/msbuild/2003">
  <ItemGroup>
    <Filter Include="Components">
      <UniqueIdentifier>{f1762e7c-65a5-498b-8151-ffafd3302bcc}</UniqueIdentifier>
    </Filter>
    <Filter Include="Utils">
      <UniqueIdentifier>{8d9f0ae5-00ed-40ea-bcc8-291ead1f8c0d}</UniqueIdentifier>
    </Filter>
    <Filter Include="Entity">
      <UniqueIdentifier>{e6fa2b13-1fe3-4f39-9457-b25d5e8108ff}</UniqueIdentifier>
    </Filter>
    <Filter Include="Level">
      <UniqueIdentifier>{8f5a8668-708e-49ec-877c-c8486f8e95d5}</UniqueIdentifier>
    </Filter>
  </ItemGroup>
  <ItemGroup>
    <ClCompile Include="Components\MainControlsComponent.cpp">
      <Filter>Components</Filter>
    </ClCompile>
    <ClCompile Include="Components\MainGraphicsComponent.cpp">
      <Filter>Components</Filter>
    </ClCompile>
    <ClCompile Include="Components\MainPhysicsComponent.cpp">
      <Filter>Components</Filter>
    </ClCompile>
    <ClCompile Include="Components\MainPlayerControls.cpp">
      <Filter>Components</Filter>
    </ClCompile>
    <ClCompile Include="Entity\ControlsBase.cpp">
      <Filter>Entity</Filter>
    </ClCompile>
    <ClCompile Include="Entity\ControlsComponent.cpp">
      <Filter>Entity</Filter>
    </ClCompile>
    <ClCompile Include="Entity\Entity.cpp">
      <Filter>Entity</Filter>
    </ClCompile>
    <ClCompile Include="Entity\EntityBase.cpp">
      <Filter>Entity</Filter>
    </ClCompile>
    <ClCompile Include="Entity\GraphicsComponent.cpp">
      <Filter>Entity</Filter>
    </ClCompile>
    <ClCompile Include="Entity\PhysicsComponent.cpp">
      <Filter>Entity</Filter>
    </ClCompile>
    <ClCompile Include="Level\EventHandler.cpp">
      <Filter>Level</Filter>
    </ClCompile>
    <ClCompile Include="Level\ImmovableTable.cpp">
      <Filter>Level</Filter>
    </ClCompile>
    <ClCompile Include="Level\LevelManager.cpp">
      <Filter>Level</Filter>
    </ClCompile>
    <ClCompile Include="Utils\Node.cpp">
      <Filter>Utils</Filter>
    </ClCompile>
    <ClCompile Include="main.cpp" />
  </ItemGroup>
  <ItemGroup>
    <ClInclude Include="Components\MainControlsComponent.h">
      <Filter>Components</Filter>
    </ClInclude>
    <ClInclude Include="Components\MainGraphicsComponent.h">
      <Filter>Components</Filter>
    </ClInclude>
    <ClInclude Include="Components\MainPhysicsComponent.h">
      <Filter>Components</Filter>
    </ClInclude>
    <ClInclude Include="Components\MainPlayerControls.h">
      <Filter>Components</Filter>
    </ClInclude>
    <ClInclude Include="Entity\ComponentMessage.h">
      <Filter>Entity</Filter>
    </ClInclude>
    <ClInclude Include="Entity\ControlsBase.h">
      <Filter>Entity</Filter>
    </ClInclude>
    <ClInclude Include="Entity\ControlsComponent.h">
      <Filter>Entity</Filter>
    </ClInclude>
    <ClInclude Include="Entity\Entity.h">
      <Filter>Entity</Filter>
    </ClInclude>
    <ClInclude Include="Entity\EntityBase.h">
      <Filter>Entity</Filter>
    </ClInclude>
    <ClInclude Include="Entity\EntityMessage.h">
      <Filter>Entity</Filter>
    </ClInclude>
    <ClInclude Include="Entity\GraphicsComponent.h">
      <Filter>Entity</Filter>
    </ClInclude>
    <ClInclude Include="Entity\PhysicsComponent.h">
      <Filter>Entity</Filter>
    </ClInclude>
    <ClInclude Include="Level\EventHandler.h">
      <Filter>Level</Filter>
    </ClInclude>
    <ClInclude Include="Level\ImmovableTable.h">
      <Filter>Level</Filter>
    </ClInclude>
    <ClInclude Include="Level\LevelManager.h">
      <Filter>Level</Filter>
    </ClInclude>
    <ClInclude Include="Utils\LinkedList.h">
      <Filter>Utils</Filter>
    </ClInclude>
    <ClInclude Include="Utils\Node.h">
      <Filter>Utils</Filter>
    </ClInclude>
  </ItemGroup>
</Project>