<?xml version="1.0" encoding="utf-8"?>
<Project ToolsVersion="4.0" xmlns="http://schemas.microsoft.com/developer/msbuild/2003">
  <ItemGroup>
    <Filter Include="Components">
      <UniqueIdentifier>{f1762e7c-65a5-498b-8151-ffafd3302bcc}</UniqueIdentifier>
    </Filter>
    <Filter Include="Utils">
      <UniqueIdentifier>{8d9f0ae5-00ed-40ea-bcc8-291ead1f8c0d}</UniqueIdentifier>
    </Filter>
    <Filter Include="Entity">
      <UniqueIdentifier>{e6fa2b13-1fe3-4f39-9457-b25d5e8108ff}</UniqueIdentifier>
    </Filter>
    <Filter Include="Level">
      <UniqueIdentifier>{8f5a8668-708e-49ec-877c-c8486f8e95d5}</UniqueIdentifier>
    </Filter>
    <Filter Include="Images">
      <UniqueIdentifier>{1ab6c0a2-2185-4ba2-9fe9-36d31ab3bed0}</UniqueIdentifier>
    </Filter>
    <Filter Include="Box2d">
      <UniqueIdentifier>{a58fb6d7-4eec-4abf-9852-d1ffd86008f4}</UniqueIdentifier>
    </Filter>
    <Filter Include="Box2d\Collision">
      <UniqueIdentifier>{131cc354-319d-4cda-8536-90988c127b0a}</UniqueIdentifier>
    </Filter>
    <Filter Include="Box2d\Collision\Shapes">
      <UniqueIdentifier>{08879277-8664-4bbc-a4f7-37cf4eb647cc}</UniqueIdentifier>
    </Filter>
    <Filter Include="Box2d\Common">
      <UniqueIdentifier>{8ae5b766-c44a-447d-bed3-9822168e6aca}</UniqueIdentifier>
    </Filter>
    <Filter Include="Box2d\Dynamics">
      <UniqueIdentifier>{f7368bf9-23c0-4e6d-b610-06247460a684}</UniqueIdentifier>
    </Filter>
    <Filter Include="Box2d\Dynamics\Contacts">
      <UniqueIdentifier>{a236d2d1-7580-4d87-9139-5293f6f798c8}</UniqueIdentifier>
    </Filter>
    <Filter Include="Box2d\Dynamics\Joints">
      <UniqueIdentifier>{2ccc8ff9-8eda-4fe1-aef5-209df6ec3b02}</UniqueIdentifier>
    </Filter>
    <Filter Include="Box2d\Rope">
      <UniqueIdentifier>{fef69ce2-6891-4fc4-8659-f0a3b8251909}</UniqueIdentifier>
    </Filter>
    <Filter Include="Music">
      <UniqueIdentifier>{55c2eb3b-acd9-451f-93e6-8d1390f9940d}</UniqueIdentifier>
    </Filter>
    <Filter Include="Factory">
      <UniqueIdentifier>{6b6156a5-135d-4ddf-b1de-1ac0f26b4678}</UniqueIdentifier>
    </Filter>
    <Filter Include="Globals">
      <UniqueIdentifier>{cd8b64e3-b660-4d89-81c6-c41c39e1153b}</UniqueIdentifier>
    </Filter>
  </ItemGroup>
  <ItemGroup>
    <ClCompile Include="Level\EventHandler.cpp">
      <Filter>Level</Filter>
    </ClCompile>
    <ClCompile Include="Level\ImmovableTable.cpp">
      <Filter>Level</Filter>
    </ClCompile>
    <ClCompile Include="Utils\Node.cpp">
      <Filter>Utils</Filter>
    </ClCompile>
    <ClCompile Include="main.cpp" />
    <ClCompile Include="Box2D\Collision\b2BroadPhase.cpp">
      <Filter>Box2d\Collision</Filter>
    </ClCompile>
    <ClCompile Include="Box2D\Collision\b2CollideCircle.cpp">
      <Filter>Box2d\Collision</Filter>
    </ClCompile>
    <ClCompile Include="Box2D\Collision\b2CollideEdge.cpp">
      <Filter>Box2d\Collision</Filter>
    </ClCompile>
    <ClCompile Include="Box2D\Collision\b2CollidePolygon.cpp">
      <Filter>Box2d\Collision</Filter>
    </ClCompile>
    <ClCompile Include="Box2D\Collision\b2Collision.cpp">
      <Filter>Box2d\Collision</Filter>
    </ClCompile>
    <ClCompile Include="Box2D\Collision\b2Distance.cpp">
      <Filter>Box2d\Collision</Filter>
    </ClCompile>
    <ClCompile Include="Box2D\Collision\b2DynamicTree.cpp">
      <Filter>Box2d\Collision</Filter>
    </ClCompile>
    <ClCompile Include="Box2D\Collision\b2TimeOfImpact.cpp">
      <Filter>Box2d\Collision</Filter>
    </ClCompile>
    <ClCompile Include="Box2D\Collision\Shapes\b2ChainShape.cpp">
      <Filter>Box2d\Collision\Shapes</Filter>
    </ClCompile>
    <ClCompile Include="Box2D\Collision\Shapes\b2CircleShape.cpp">
      <Filter>Box2d\Collision\Shapes</Filter>
    </ClCompile>
    <ClCompile Include="Box2D\Collision\Shapes\b2EdgeShape.cpp">
      <Filter>Box2d\Collision\Shapes</Filter>
    </ClCompile>
    <ClCompile Include="Box2D\Collision\Shapes\b2PolygonShape.cpp">
      <Filter>Box2d\Collision\Shapes</Filter>
    </ClCompile>
    <ClCompile Include="Box2D\Common\b2BlockAllocator.cpp">
      <Filter>Box2d\Common</Filter>
    </ClCompile>
    <ClCompile Include="Box2D\Common\b2Draw.cpp">
      <Filter>Box2d\Common</Filter>
    </ClCompile>
    <ClCompile Include="Box2D\Common\b2Math.cpp">
      <Filter>Box2d\Common</Filter>
    </ClCompile>
    <ClCompile Include="Box2D\Common\b2Settings.cpp">
      <Filter>Box2d\Common</Filter>
    </ClCompile>
    <ClCompile Include="Box2D\Common\b2StackAllocator.cpp">
      <Filter>Box2d\Common</Filter>
    </ClCompile>
    <ClCompile Include="Box2D\Common\b2Timer.cpp">
      <Filter>Box2d\Common</Filter>
    </ClCompile>
    <ClCompile Include="Box2D\Dynamics\b2Body.cpp">
      <Filter>Box2d\Dynamics</Filter>
    </ClCompile>
    <ClCompile Include="Box2D\Dynamics\b2ContactManager.cpp">
      <Filter>Box2d\Dynamics</Filter>
    </ClCompile>
    <ClCompile Include="Box2D\Dynamics\b2Fixture.cpp">
      <Filter>Box2d\Dynamics</Filter>
    </ClCompile>
    <ClCompile Include="Box2D\Dynamics\b2Island.cpp">
      <Filter>Box2d\Dynamics</Filter>
    </ClCompile>
    <ClCompile Include="Box2D\Dynamics\b2World.cpp">
      <Filter>Box2d\Dynamics</Filter>
    </ClCompile>
    <ClCompile Include="Box2D\Dynamics\b2WorldCallbacks.cpp">
      <Filter>Box2d\Dynamics</Filter>
    </ClCompile>
    <ClCompile Include="Box2D\Dynamics\Contacts\b2ChainAndCircleContact.cpp">
      <Filter>Box2d\Dynamics\Contacts</Filter>
    </ClCompile>
    <ClCompile Include="Box2D\Dynamics\Contacts\b2ChainAndPolygonContact.cpp">
      <Filter>Box2d\Dynamics\Contacts</Filter>
    </ClCompile>
    <ClCompile Include="Box2D\Dynamics\Contacts\b2CircleContact.cpp">
      <Filter>Box2d\Dynamics\Contacts</Filter>
    </ClCompile>
    <ClCompile Include="Box2D\Dynamics\Contacts\b2Contact.cpp">
      <Filter>Box2d\Dynamics\Contacts</Filter>
    </ClCompile>
    <ClCompile Include="Box2D\Dynamics\Contacts\b2ContactSolver.cpp">
      <Filter>Box2d\Dynamics\Contacts</Filter>
    </ClCompile>
    <ClCompile Include="Box2D\Dynamics\Contacts\b2EdgeAndCircleContact.cpp">
      <Filter>Box2d\Dynamics\Contacts</Filter>
    </ClCompile>
    <ClCompile Include="Box2D\Dynamics\Contacts\b2EdgeAndPolygonContact.cpp">
      <Filter>Box2d\Dynamics\Contacts</Filter>
    </ClCompile>
    <ClCompile Include="Box2D\Dynamics\Contacts\b2PolygonAndCircleContact.cpp">
      <Filter>Box2d\Dynamics\Contacts</Filter>
    </ClCompile>
    <ClCompile Include="Box2D\Dynamics\Contacts\b2PolygonContact.cpp">
      <Filter>Box2d\Dynamics\Contacts</Filter>
    </ClCompile>
    <ClCompile Include="Box2D\Dynamics\Joints\b2DistanceJoint.cpp">
      <Filter>Box2d\Dynamics\Joints</Filter>
    </ClCompile>
    <ClCompile Include="Box2D\Dynamics\Joints\b2FrictionJoint.cpp">
      <Filter>Box2d\Dynamics\Joints</Filter>
    </ClCompile>
    <ClCompile Include="Box2D\Dynamics\Joints\b2GearJoint.cpp">
      <Filter>Box2d\Dynamics\Joints</Filter>
    </ClCompile>
    <ClCompile Include="Box2D\Dynamics\Joints\b2Joint.cpp">
      <Filter>Box2d\Dynamics\Joints</Filter>
    </ClCompile>
    <ClCompile Include="Box2D\Dynamics\Joints\b2MotorJoint.cpp">
      <Filter>Box2d\Dynamics\Joints</Filter>
    </ClCompile>
    <ClCompile Include="Box2D\Dynamics\Joints\b2MouseJoint.cpp">
      <Filter>Box2d\Dynamics\Joints</Filter>
    </ClCompile>
    <ClCompile Include="Box2D\Dynamics\Joints\b2PrismaticJoint.cpp">
      <Filter>Box2d\Dynamics\Joints</Filter>
    </ClCompile>
    <ClCompile Include="Box2D\Dynamics\Joints\b2PulleyJoint.cpp">
      <Filter>Box2d\Dynamics\Joints</Filter>
    </ClCompile>
    <ClCompile Include="Box2D\Dynamics\Joints\b2RevoluteJoint.cpp">
      <Filter>Box2d\Dynamics\Joints</Filter>
    </ClCompile>
    <ClCompile Include="Box2D\Dynamics\Joints\b2RopeJoint.cpp">
      <Filter>Box2d\Dynamics\Joints</Filter>
    </ClCompile>
    <ClCompile Include="Box2D\Dynamics\Joints\b2WeldJoint.cpp">
      <Filter>Box2d\Dynamics\Joints</Filter>
    </ClCompile>
    <ClCompile Include="Box2D\Dynamics\Joints\b2WheelJoint.cpp">
      <Filter>Box2d\Dynamics\Joints</Filter>
    </ClCompile>
    <ClCompile Include="Box2D\Rope\b2Rope.cpp">
      <Filter>Box2d\Rope</Filter>
    </ClCompile>
    <ClCompile Include="Components\BasicControlsComponent.cpp">
      <Filter>Components</Filter>
    </ClCompile>
    <ClCompile Include="Components\RocketControlsComponent.cpp">
      <Filter>Components</Filter>
    </ClCompile>
    <ClCompile Include="Level\EntityManager.cpp">
      <Filter>Level</Filter>
    </ClCompile>
    <ClCompile Include="EntityBase.cpp">
      <Filter>Entity</Filter>
    </ClCompile>
    <ClCompile Include="Factory\Factory.cpp">
      <Filter>Factory</Filter>
    </ClCompile>
    <ClCompile Include="Globals\Globals.cpp">
      <Filter>Globals</Filter>
    </ClCompile>
  </ItemGroup>
  <ItemGroup>
    <ClInclude Include="Entity\Entity.h">
      <Filter>Entity</Filter>
    </ClInclude>
    <ClInclude Include="Level\EventHandler.h">
      <Filter>Level</Filter>
    </ClInclude>
    <ClInclude Include="Level\ImmovableTable.h">
      <Filter>Level</Filter>
    </ClInclude>
    <ClInclude Include="Utils\LinkedList.h">
      <Filter>Utils</Filter>
    </ClInclude>
    <ClInclude Include="Utils\Node.h">
      <Filter>Utils</Filter>
    </ClInclude>
    <ClInclude Include="Entity\EntityBase.h">
      <Filter>Entity</Filter>
    </ClInclude>
    <ClInclude Include="Box2D\Box2D.h">
      <Filter>Box2d</Filter>
    </ClInclude>
    <ClInclude Include="Box2D\Collision\b2BroadPhase.h">
      <Filter>Box2d\Collision</Filter>
    </ClInclude>
    <ClInclude Include="Box2D\Collision\b2Collision.h">
      <Filter>Box2d\Collision</Filter>
    </ClInclude>
    <ClInclude Include="Box2D\Collision\b2Distance.h">
      <Filter>Box2d\Collision</Filter>
    </ClInclude>
    <ClInclude Include="Box2D\Collision\b2DynamicTree.h">
      <Filter>Box2d\Collision</Filter>
    </ClInclude>
    <ClInclude Include="Box2D\Collision\b2TimeOfImpact.h">
      <Filter>Box2d\Collision</Filter>
    </ClInclude>
    <ClInclude Include="Box2D\Collision\Shapes\b2ChainShape.h">
      <Filter>Box2d\Collision\Shapes</Filter>
    </ClInclude>
    <ClInclude Include="Box2D\Collision\Shapes\b2CircleShape.h">
      <Filter>Box2d\Collision\Shapes</Filter>
    </ClInclude>
    <ClInclude Include="Box2D\Collision\Shapes\b2EdgeShape.h">
      <Filter>Box2d\Collision\Shapes</Filter>
    </ClInclude>
    <ClInclude Include="Box2D\Collision\Shapes\b2PolygonShape.h">
      <Filter>Box2d\Collision\Shapes</Filter>
    </ClInclude>
    <ClInclude Include="Box2D\Collision\Shapes\b2Shape.h">
      <Filter>Box2d\Collision\Shapes</Filter>
    </ClInclude>
    <ClInclude Include="Box2D\Common\b2BlockAllocator.h">
      <Filter>Box2d\Common</Filter>
    </ClInclude>
    <ClInclude Include="Box2D\Common\b2Draw.h">
      <Filter>Box2d\Common</Filter>
    </ClInclude>
    <ClInclude Include="Box2D\Common\b2GrowableStack.h">
      <Filter>Box2d\Common</Filter>
    </ClInclude>
    <ClInclude Include="Box2D\Common\b2Math.h">
      <Filter>Box2d\Common</Filter>
    </ClInclude>
    <ClInclude Include="Box2D\Common\b2Settings.h">
      <Filter>Box2d\Common</Filter>
    </ClInclude>
    <ClInclude Include="Box2D\Common\b2StackAllocator.h">
      <Filter>Box2d\Common</Filter>
    </ClInclude>
    <ClInclude Include="Box2D\Common\b2Timer.h">
      <Filter>Box2d\Common</Filter>
    </ClInclude>
    <ClInclude Include="Box2D\Dynamics\b2Body.h">
      <Filter>Box2d\Dynamics</Filter>
    </ClInclude>
    <ClInclude Include="Box2D\Dynamics\b2ContactManager.h">
      <Filter>Box2d\Dynamics</Filter>
    </ClInclude>
    <ClInclude Include="Box2D\Dynamics\b2Fixture.h">
      <Filter>Box2d\Dynamics</Filter>
    </ClInclude>
    <ClInclude Include="Box2D\Dynamics\b2Island.h">
      <Filter>Box2d\Dynamics</Filter>
    </ClInclude>
    <ClInclude Include="Box2D\Dynamics\b2TimeStep.h">
      <Filter>Box2d\Dynamics</Filter>
    </ClInclude>
    <ClInclude Include="Box2D\Dynamics\b2World.h">
      <Filter>Box2d\Dynamics</Filter>
    </ClInclude>
    <ClInclude Include="Box2D\Dynamics\b2WorldCallbacks.h">
      <Filter>Box2d\Dynamics</Filter>
    </ClInclude>
    <ClInclude Include="Box2D\Dynamics\Contacts\b2ChainAndCircleContact.h">
      <Filter>Box2d\Dynamics\Contacts</Filter>
    </ClInclude>
    <ClInclude Include="Box2D\Dynamics\Contacts\b2ChainAndPolygonContact.h">
      <Filter>Box2d\Dynamics\Contacts</Filter>
    </ClInclude>
    <ClInclude Include="Box2D\Dynamics\Contacts\b2CircleContact.h">
      <Filter>Box2d\Dynamics\Contacts</Filter>
    </ClInclude>
    <ClInclude Include="Box2D\Dynamics\Contacts\b2Contact.h">
      <Filter>Box2d\Dynamics\Contacts</Filter>
    </ClInclude>
    <ClInclude Include="Box2D\Dynamics\Contacts\b2ContactSolver.h">
      <Filter>Box2d\Dynamics\Contacts</Filter>
    </ClInclude>
    <ClInclude Include="Box2D\Dynamics\Contacts\b2EdgeAndCircleContact.h">
      <Filter>Box2d\Dynamics\Contacts</Filter>
    </ClInclude>
    <ClInclude Include="Box2D\Dynamics\Contacts\b2EdgeAndPolygonContact.h">
      <Filter>Box2d\Dynamics\Contacts</Filter>
    </ClInclude>
    <ClInclude Include="Box2D\Dynamics\Contacts\b2PolygonAndCircleContact.h">
      <Filter>Box2d\Dynamics\Contacts</Filter>
    </ClInclude>
    <ClInclude Include="Box2D\Dynamics\Contacts\b2PolygonContact.h">
      <Filter>Box2d\Dynamics\Contacts</Filter>
    </ClInclude>
    <ClInclude Include="Box2D\Dynamics\Joints\b2DistanceJoint.h">
      <Filter>Box2d\Dynamics\Joints</Filter>
    </ClInclude>
    <ClInclude Include="Box2D\Dynamics\Joints\b2FrictionJoint.h">
      <Filter>Box2d\Dynamics\Joints</Filter>
    </ClInclude>
    <ClInclude Include="Box2D\Dynamics\Joints\b2GearJoint.h">
      <Filter>Box2d\Dynamics\Joints</Filter>
    </ClInclude>
    <ClInclude Include="Box2D\Dynamics\Joints\b2Joint.h">
      <Filter>Box2d\Dynamics\Joints</Filter>
    </ClInclude>
    <ClInclude Include="Box2D\Dynamics\Joints\b2MotorJoint.h">
      <Filter>Box2d\Dynamics\Joints</Filter>
    </ClInclude>
    <ClInclude Include="Box2D\Dynamics\Joints\b2MouseJoint.h">
      <Filter>Box2d\Dynamics\Joints</Filter>
    </ClInclude>
    <ClInclude Include="Box2D\Dynamics\Joints\b2PrismaticJoint.h">
      <Filter>Box2d\Dynamics\Joints</Filter>
    </ClInclude>
    <ClInclude Include="Box2D\Dynamics\Joints\b2PulleyJoint.h">
      <Filter>Box2d\Dynamics\Joints</Filter>
    </ClInclude>
    <ClInclude Include="Box2D\Dynamics\Joints\b2RevoluteJoint.h">
      <Filter>Box2d\Dynamics\Joints</Filter>
    </ClInclude>
    <ClInclude Include="Box2D\Dynamics\Joints\b2RopeJoint.h">
      <Filter>Box2d\Dynamics\Joints</Filter>
    </ClInclude>
    <ClInclude Include="Box2D\Dynamics\Joints\b2WeldJoint.h">
      <Filter>Box2d\Dynamics\Joints</Filter>
    </ClInclude>
    <ClInclude Include="Box2D\Dynamics\Joints\b2WheelJoint.h">
      <Filter>Box2d\Dynamics\Joints</Filter>
    </ClInclude>
    <ClInclude Include="Box2D\Rope\b2Rope.h">
      <Filter>Box2d\Rope</Filter>
    </ClInclude>
    <ClInclude Include="Entity\Message.h">
      <Filter>Entity</Filter>
    </ClInclude>
    <ClInclude Include="Entity\ComponentBase.h">
      <Filter>Entity</Filter>
    </ClInclude>
    <ClInclude Include="Entity\ControlsComponentBase.h">
      <Filter>Entity</Filter>
    </ClInclude>
    <ClInclude Include="Entity\GraphicsComponentBase.h">
      <Filter>Entity</Filter>
    </ClInclude>
    <ClInclude Include="Entity\PhysicsComponentBase.h">
      <Filter>Entity</Filter>
    </ClInclude>
    <ClInclude Include="Components\BasicPhysicsComponent.h">
      <Filter>Components</Filter>
    </ClInclude>
    <ClInclude Include="Components\BasicGraphicsComponent.h">
      <Filter>Components</Filter>
    </ClInclude>
    <ClInclude Include="Components\BasicControlsComponent.h">
      <Filter>Components</Filter>
    </ClInclude>
    <ClInclude Include="Components\Components.h">
      <Filter>Components</Filter>
    </ClInclude>
    <ClInclude Include="Components\RocketControlsComponent.h">
      <Filter>Components</Filter>
    </ClInclude>
    <ClInclude Include="Components\RocketPhysicsComponent.h">
      <Filter>Components</Filter>
    </ClInclude>
    <ClInclude Include="Level\EntityManager.h">
      <Filter>Level</Filter>
    </ClInclude>
    <ClInclude Include="Factory\Factory.h">
      <Filter>Factory</Filter>
    </ClInclude>
    <ClInclude Include="Factory\Item.h">
      <Filter>Factory</Filter>
    </ClInclude>
    <ClInclude Include="Factory\UserMaterials.h">
      <Filter>Factory</Filter>
    </ClInclude>
    <ClInclude Include="Factory\ItemType.h">
      <Filter>Factory</Filter>
    </ClInclude>
    <ClInclude Include="Factory\Material.h">
      <Filter>Factory</Filter>
    </ClInclude>
    <ClInclude Include="Factory\UserItemType.h">
      <Filter>Factory</Filter>
    </ClInclude>
    <ClInclude Include="Globals\Globals.h">
      <Filter>Globals</Filter>
    </ClInclude>
  </ItemGroup>
  <ItemGroup>
    <Media Include="Music\BestGameEverMaster.wav">
      <Filter>Music</Filter>
    </Media>
  </ItemGroup>
  <ItemGroup>
    <Image Include="Images\rocket_ship.png">
      <Filter>Images</Filter>
    </Image>
  </ItemGroup>
</Project>