<?xml version="1.0" encoding="utf-8"?>
<Project ToolsVersion="4.0" xmlns="http://schemas.microsoft.com/developer/msbuild/2003">
  <ItemGroup>
    <Filter Include="Utils">
      <UniqueIdentifier>{8d9f0ae5-00ed-40ea-bcc8-291ead1f8c0d}</UniqueIdentifier>
    </Filter>
    <Filter Include="Box2d">
      <UniqueIdentifier>{a58fb6d7-4eec-4abf-9852-d1ffd86008f4}</UniqueIdentifier>
    </Filter>
    <Filter Include="Box2d\Collision">
      <UniqueIdentifier>{131cc354-319d-4cda-8536-90988c127b0a}</UniqueIdentifier>
    </Filter>
    <Filter Include="Box2d\Collision\Shapes">
      <UniqueIdentifier>{08879277-8664-4bbc-a4f7-37cf4eb647cc}</UniqueIdentifier>
    </Filter>
    <Filter Include="Box2d\Common">
      <UniqueIdentifier>{8ae5b766-c44a-447d-bed3-9822168e6aca}</UniqueIdentifier>
    </Filter>
    <Filter Include="Box2d\Dynamics">
      <UniqueIdentifier>{f7368bf9-23c0-4e6d-b610-06247460a684}</UniqueIdentifier>
    </Filter>
    <Filter Include="Box2d\Dynamics\Contacts">
      <UniqueIdentifier>{a236d2d1-7580-4d87-9139-5293f6f798c8}</UniqueIdentifier>
    </Filter>
    <Filter Include="Box2d\Dynamics\Joints">
      <UniqueIdentifier>{2ccc8ff9-8eda-4fe1-aef5-209df6ec3b02}</UniqueIdentifier>
    </Filter>
    <Filter Include="Box2d\Rope">
      <UniqueIdentifier>{fef69ce2-6891-4fc4-8659-f0a3b8251909}</UniqueIdentifier>
    </Filter>
    <Filter Include="Factory">
      <UniqueIdentifier>{6b6156a5-135d-4ddf-b1de-1ac0f26b4678}</UniqueIdentifier>
    </Filter>
    <Filter Include="UserComponents">
      <UniqueIdentifier>{49a67d1a-25e6-4173-a83e-ddd6e5f619c2}</UniqueIdentifier>
    </Filter>
    <Filter Include="Manager">
      <UniqueIdentifier>{39e9895c-2e5c-4922-9cae-0b0a5995fcfd}</UniqueIdentifier>
    </Filter>
    <Filter Include="UserComponents\Character">
      <UniqueIdentifier>{6ceee1a0-158c-4492-aa27-af33255a1296}</UniqueIdentifier>
    </Filter>
    <Filter Include="UserComponents\Gun">
      <UniqueIdentifier>{2a779509-173d-4c86-baca-c5934cc46dcd}</UniqueIdentifier>
    </Filter>
    <Filter Include="UserComponents\Rocket">
      <UniqueIdentifier>{92b0c408-7912-4d79-8085-b1437519fc39}</UniqueIdentifier>
    </Filter>
    <Filter Include="UserComponents\Basic">
      <UniqueIdentifier>{6beedb8a-9784-4cfd-afc7-6485292d4978}</UniqueIdentifier>
    </Filter>
    <Filter Include="BloxFW">
      <UniqueIdentifier>{cbb4b2ef-899f-48ef-97ca-6c20e94d1589}</UniqueIdentifier>
    </Filter>
    <Filter Include="BloxFW\core">
      <UniqueIdentifier>{d98f1520-061f-4cf1-a46f-d899877a3455}</UniqueIdentifier>
    </Filter>
    <Filter Include="BloxFW\tools">
      <UniqueIdentifier>{1e0d15f2-0f12-4f1d-aeff-ded8f46ecc60}</UniqueIdentifier>
    </Filter>
    <Filter Include="BloxFW\utils">
      <UniqueIdentifier>{b98f201d-aff8-4fd0-8b87-9126d8c23a67}</UniqueIdentifier>
    </Filter>
    <Filter Include="Manager\SFMLManager">
      <UniqueIdentifier>{5dd9ad5d-cf94-4b2c-b76b-c3b9a572b4ad}</UniqueIdentifier>
    </Filter>
    <Filter Include="Manager\Box2DManager">
      <UniqueIdentifier>{2663ec0a-619f-4f7c-9a9a-c315d175ed04}</UniqueIdentifier>
    </Filter>
    <Filter Include="Factory\SFMLFactory">
      <UniqueIdentifier>{ee8f14af-c623-4279-85b6-2e0474256e8c}</UniqueIdentifier>
    </Filter>
    <Filter Include="Factory\Box2DFactory">
      <UniqueIdentifier>{bc0d13fc-9b21-4428-8156-f3663f2c82c0}</UniqueIdentifier>
    </Filter>
    <Filter Include="FWInterface">
      <UniqueIdentifier>{909d6d45-09c6-4940-aa65-6602a05091b1}</UniqueIdentifier>
    </Filter>
    <Filter Include="BaseComponents">
      <UniqueIdentifier>{708fa215-5263-4154-a770-624cd20cdc55}</UniqueIdentifier>
    </Filter>
    <Filter Include="BaseComponents\Box2DPhysics">
      <UniqueIdentifier>{0ed42494-7e66-4cb1-ac3f-45c3aacd9964}</UniqueIdentifier>
    </Filter>
    <Filter Include="BaseComponents\SFMLControls">
      <UniqueIdentifier>{2b2c2515-a6a6-425d-acce-cbbf19165343}</UniqueIdentifier>
    </Filter>
    <Filter Include="BaseComponents\SFMLGraphics">
      <UniqueIdentifier>{2b798504-fb79-467d-b733-d844ceaf93c6}</UniqueIdentifier>
    </Filter>
    <Filter Include="Factory\ItemFactory">
      <UniqueIdentifier>{d48a5a96-565a-49a6-b22b-43bc5aedd223}</UniqueIdentifier>
    </Filter>
  </ItemGroup>
  <ItemGroup>
    <ClCompile Include="main.cpp" />
    <ClCompile Include="Box2D\Collision\b2BroadPhase.cpp">
      <Filter>Box2d\Collision</Filter>
    </ClCompile>
    <ClCompile Include="Box2D\Collision\b2CollideCircle.cpp">
      <Filter>Box2d\Collision</Filter>
    </ClCompile>
    <ClCompile Include="Box2D\Collision\b2CollideEdge.cpp">
      <Filter>Box2d\Collision</Filter>
    </ClCompile>
    <ClCompile Include="Box2D\Collision\b2CollidePolygon.cpp">
      <Filter>Box2d\Collision</Filter>
    </ClCompile>
    <ClCompile Include="Box2D\Collision\b2Collision.cpp">
      <Filter>Box2d\Collision</Filter>
    </ClCompile>
    <ClCompile Include="Box2D\Collision\b2Distance.cpp">
      <Filter>Box2d\Collision</Filter>
    </ClCompile>
    <ClCompile Include="Box2D\Collision\b2DynamicTree.cpp">
      <Filter>Box2d\Collision</Filter>
    </ClCompile>
    <ClCompile Include="Box2D\Collision\b2TimeOfImpact.cpp">
      <Filter>Box2d\Collision</Filter>
    </ClCompile>
    <ClCompile Include="Box2D\Collision\Shapes\b2ChainShape.cpp">
      <Filter>Box2d\Collision\Shapes</Filter>
    </ClCompile>
    <ClCompile Include="Box2D\Collision\Shapes\b2CircleShape.cpp">
      <Filter>Box2d\Collision\Shapes</Filter>
    </ClCompile>
    <ClCompile Include="Box2D\Collision\Shapes\b2EdgeShape.cpp">
      <Filter>Box2d\Collision\Shapes</Filter>
    </ClCompile>
    <ClCompile Include="Box2D\Collision\Shapes\b2PolygonShape.cpp">
      <Filter>Box2d\Collision\Shapes</Filter>
    </ClCompile>
    <ClCompile Include="Box2D\Common\b2BlockAllocator.cpp">
      <Filter>Box2d\Common</Filter>
    </ClCompile>
    <ClCompile Include="Box2D\Common\b2Draw.cpp">
      <Filter>Box2d\Common</Filter>
    </ClCompile>
    <ClCompile Include="Box2D\Common\b2Math.cpp">
      <Filter>Box2d\Common</Filter>
    </ClCompile>
    <ClCompile Include="Box2D\Common\b2Settings.cpp">
      <Filter>Box2d\Common</Filter>
    </ClCompile>
    <ClCompile Include="Box2D\Common\b2StackAllocator.cpp">
      <Filter>Box2d\Common</Filter>
    </ClCompile>
    <ClCompile Include="Box2D\Common\b2Timer.cpp">
      <Filter>Box2d\Common</Filter>
    </ClCompile>
    <ClCompile Include="Box2D\Dynamics\b2Body.cpp">
      <Filter>Box2d\Dynamics</Filter>
    </ClCompile>
    <ClCompile Include="Box2D\Dynamics\b2ContactManager.cpp">
      <Filter>Box2d\Dynamics</Filter>
    </ClCompile>
    <ClCompile Include="Box2D\Dynamics\b2Fixture.cpp">
      <Filter>Box2d\Dynamics</Filter>
    </ClCompile>
    <ClCompile Include="Box2D\Dynamics\b2Island.cpp">
      <Filter>Box2d\Dynamics</Filter>
    </ClCompile>
    <ClCompile Include="Box2D\Dynamics\b2World.cpp">
      <Filter>Box2d\Dynamics</Filter>
    </ClCompile>
    <ClCompile Include="Box2D\Dynamics\b2WorldCallbacks.cpp">
      <Filter>Box2d\Dynamics</Filter>
    </ClCompile>
    <ClCompile Include="Box2D\Dynamics\Contacts\b2ChainAndCircleContact.cpp">
      <Filter>Box2d\Dynamics\Contacts</Filter>
    </ClCompile>
    <ClCompile Include="Box2D\Dynamics\Contacts\b2ChainAndPolygonContact.cpp">
      <Filter>Box2d\Dynamics\Contacts</Filter>
    </ClCompile>
    <ClCompile Include="Box2D\Dynamics\Contacts\b2CircleContact.cpp">
      <Filter>Box2d\Dynamics\Contacts</Filter>
    </ClCompile>
    <ClCompile Include="Box2D\Dynamics\Contacts\b2Contact.cpp">
      <Filter>Box2d\Dynamics\Contacts</Filter>
    </ClCompile>
    <ClCompile Include="Box2D\Dynamics\Contacts\b2ContactSolver.cpp">
      <Filter>Box2d\Dynamics\Contacts</Filter>
    </ClCompile>
    <ClCompile Include="Box2D\Dynamics\Contacts\b2EdgeAndCircleContact.cpp">
      <Filter>Box2d\Dynamics\Contacts</Filter>
    </ClCompile>
    <ClCompile Include="Box2D\Dynamics\Contacts\b2EdgeAndPolygonContact.cpp">
      <Filter>Box2d\Dynamics\Contacts</Filter>
    </ClCompile>
    <ClCompile Include="Box2D\Dynamics\Contacts\b2PolygonAndCircleContact.cpp">
      <Filter>Box2d\Dynamics\Contacts</Filter>
    </ClCompile>
    <ClCompile Include="Box2D\Dynamics\Contacts\b2PolygonContact.cpp">
      <Filter>Box2d\Dynamics\Contacts</Filter>
    </ClCompile>
    <ClCompile Include="Box2D\Dynamics\Joints\b2DistanceJoint.cpp">
      <Filter>Box2d\Dynamics\Joints</Filter>
    </ClCompile>
    <ClCompile Include="Box2D\Dynamics\Joints\b2FrictionJoint.cpp">
      <Filter>Box2d\Dynamics\Joints</Filter>
    </ClCompile>
    <ClCompile Include="Box2D\Dynamics\Joints\b2GearJoint.cpp">
      <Filter>Box2d\Dynamics\Joints</Filter>
    </ClCompile>
    <ClCompile Include="Box2D\Dynamics\Joints\b2Joint.cpp">
      <Filter>Box2d\Dynamics\Joints</Filter>
    </ClCompile>
    <ClCompile Include="Box2D\Dynamics\Joints\b2MotorJoint.cpp">
      <Filter>Box2d\Dynamics\Joints</Filter>
    </ClCompile>
    <ClCompile Include="Box2D\Dynamics\Joints\b2MouseJoint.cpp">
      <Filter>Box2d\Dynamics\Joints</Filter>
    </ClCompile>
    <ClCompile Include="Box2D\Dynamics\Joints\b2PrismaticJoint.cpp">
      <Filter>Box2d\Dynamics\Joints</Filter>
    </ClCompile>
    <ClCompile Include="Box2D\Dynamics\Joints\b2PulleyJoint.cpp">
      <Filter>Box2d\Dynamics\Joints</Filter>
    </ClCompile>
    <ClCompile Include="Box2D\Dynamics\Joints\b2RevoluteJoint.cpp">
      <Filter>Box2d\Dynamics\Joints</Filter>
    </ClCompile>
    <ClCompile Include="Box2D\Dynamics\Joints\b2RopeJoint.cpp">
      <Filter>Box2d\Dynamics\Joints</Filter>
    </ClCompile>
    <ClCompile Include="Box2D\Dynamics\Joints\b2WeldJoint.cpp">
      <Filter>Box2d\Dynamics\Joints</Filter>
    </ClCompile>
    <ClCompile Include="Box2D\Dynamics\Joints\b2WheelJoint.cpp">
      <Filter>Box2d\Dynamics\Joints</Filter>
    </ClCompile>
    <ClCompile Include="Box2D\Rope\b2Rope.cpp">
      <Filter>Box2d\Rope</Filter>
    </ClCompile>
    <ClCompile Include="Utils\RateLimiter.cpp">
      <Filter>Utils</Filter>
    </ClCompile>
    <ClCompile Include="UserComponents\Character\CharacterControlsComponent.cpp">
      <Filter>UserComponents\Character</Filter>
    </ClCompile>
    <ClCompile Include="UserComponents\Rocket\RocketControlsComponent.cpp">
      <Filter>UserComponents\Rocket</Filter>
    </ClCompile>
    <ClCompile Include="UserComponents\Gun\GunControlsComponent.cpp">
      <Filter>UserComponents\Gun</Filter>
    </ClCompile>
    <ClCompile Include="BloxFW\core\Block.cpp">
      <Filter>BloxFW\core</Filter>
    </ClCompile>
    <ClCompile Include="BloxFW\core\Box.cpp">
      <Filter>BloxFW\core</Filter>
    </ClCompile>
    <ClCompile Include="BloxFW\core\ManagerBox.cpp">
      <Filter>BloxFW\core</Filter>
    </ClCompile>
    <ClCompile Include="BloxFW\tools\Debug.cpp">
      <Filter>BloxFW\tools</Filter>
    </ClCompile>
    <ClCompile Include="Manager\Box2DManager\Box2DManager.cpp">
      <Filter>Manager\Box2DManager</Filter>
    </ClCompile>
    <ClCompile Include="Manager\SFMLManager\SFMLManager.cpp">
      <Filter>Manager\SFMLManager</Filter>
    </ClCompile>
    <ClCompile Include="Factory\Box2DFactory\Box2DFactory.cpp">
      <Filter>Factory\Box2DFactory</Filter>
    </ClCompile>
    <ClCompile Include="Factory\Box2DFactory\FixtureShapes.cpp">
      <Filter>Factory\Box2DFactory</Filter>
    </ClCompile>
    <ClCompile Include="Factory\SFMLFactory\SFMLFactory.cpp">
      <Filter>Factory\SFMLFactory</Filter>
    </ClCompile>
    <ClCompile Include="Utils\Timer.cpp">
      <Filter>Utils</Filter>
    </ClCompile>
    <ClCompile Include="Utils\DebugManager.cpp">
      <Filter>Utils</Filter>
    </ClCompile>
    <ClCompile Include="FWInterface\Entity.cpp">
      <Filter>FWInterface</Filter>
    </ClCompile>
    <ClCompile Include="FWInterface\EntityManager.cpp">
      <Filter>FWInterface</Filter>
    </ClCompile>
    <ClCompile Include="BaseComponents\Box2DPhysics\Box2DPhysicsComponent.cpp">
      <Filter>BaseComponents\Box2DPhysics</Filter>
    </ClCompile>
    <ClCompile Include="BaseComponents\SFMLGraphics\SFMLGraphicsComponent.cpp">
      <Filter>BaseComponents\SFMLGraphics</Filter>
    </ClCompile>
    <ClCompile Include="FWInterface\Component.cpp">
      <Filter>FWInterface</Filter>
    </ClCompile>
    <ClCompile Include="Factory\ItemFactory\ItemFactory.cpp">
      <Filter>Factory\ItemFactory</Filter>
    </ClCompile>
    <ClCompile Include="UserComponents\Basic\BasicControlsComponent.cpp">
      <Filter>UserComponents\Basic</Filter>
    </ClCompile>
  </ItemGroup>
  <ItemGroup>
    <ClInclude Include="Box2D\Box2D.h">
      <Filter>Box2d</Filter>
    </ClInclude>
    <ClInclude Include="Box2D\Collision\b2BroadPhase.h">
      <Filter>Box2d\Collision</Filter>
    </ClInclude>
    <ClInclude Include="Box2D\Collision\b2Collision.h">
      <Filter>Box2d\Collision</Filter>
    </ClInclude>
    <ClInclude Include="Box2D\Collision\b2Distance.h">
      <Filter>Box2d\Collision</Filter>
    </ClInclude>
    <ClInclude Include="Box2D\Collision\b2DynamicTree.h">
      <Filter>Box2d\Collision</Filter>
    </ClInclude>
    <ClInclude Include="Box2D\Collision\b2TimeOfImpact.h">
      <Filter>Box2d\Collision</Filter>
    </ClInclude>
    <ClInclude Include="Box2D\Collision\Shapes\b2ChainShape.h">
      <Filter>Box2d\Collision\Shapes</Filter>
    </ClInclude>
    <ClInclude Include="Box2D\Collision\Shapes\b2CircleShape.h">
      <Filter>Box2d\Collision\Shapes</Filter>
    </ClInclude>
    <ClInclude Include="Box2D\Collision\Shapes\b2EdgeShape.h">
      <Filter>Box2d\Collision\Shapes</Filter>
    </ClInclude>
    <ClInclude Include="Box2D\Collision\Shapes\b2PolygonShape.h">
      <Filter>Box2d\Collision\Shapes</Filter>
    </ClInclude>
    <ClInclude Include="Box2D\Collision\Shapes\b2Shape.h">
      <Filter>Box2d\Collision\Shapes</Filter>
    </ClInclude>
    <ClInclude Include="Box2D\Common\b2BlockAllocator.h">
      <Filter>Box2d\Common</Filter>
    </ClInclude>
    <ClInclude Include="Box2D\Common\b2Draw.h">
      <Filter>Box2d\Common</Filter>
    </ClInclude>
    <ClInclude Include="Box2D\Common\b2GrowableStack.h">
      <Filter>Box2d\Common</Filter>
    </ClInclude>
    <ClInclude Include="Box2D\Common\b2Math.h">
      <Filter>Box2d\Common</Filter>
    </ClInclude>
    <ClInclude Include="Box2D\Common\b2Settings.h">
      <Filter>Box2d\Common</Filter>
    </ClInclude>
    <ClInclude Include="Box2D\Common\b2StackAllocator.h">
      <Filter>Box2d\Common</Filter>
    </ClInclude>
    <ClInclude Include="Box2D\Common\b2Timer.h">
      <Filter>Box2d\Common</Filter>
    </ClInclude>
    <ClInclude Include="Box2D\Dynamics\b2Body.h">
      <Filter>Box2d\Dynamics</Filter>
    </ClInclude>
    <ClInclude Include="Box2D\Dynamics\b2ContactManager.h">
      <Filter>Box2d\Dynamics</Filter>
    </ClInclude>
    <ClInclude Include="Box2D\Dynamics\b2Fixture.h">
      <Filter>Box2d\Dynamics</Filter>
    </ClInclude>
    <ClInclude Include="Box2D\Dynamics\b2Island.h">
      <Filter>Box2d\Dynamics</Filter>
    </ClInclude>
    <ClInclude Include="Box2D\Dynamics\b2TimeStep.h">
      <Filter>Box2d\Dynamics</Filter>
    </ClInclude>
    <ClInclude Include="Box2D\Dynamics\b2World.h">
      <Filter>Box2d\Dynamics</Filter>
    </ClInclude>
    <ClInclude Include="Box2D\Dynamics\b2WorldCallbacks.h">
      <Filter>Box2d\Dynamics</Filter>
    </ClInclude>
    <ClInclude Include="Box2D\Dynamics\Contacts\b2ChainAndCircleContact.h">
      <Filter>Box2d\Dynamics\Contacts</Filter>
    </ClInclude>
    <ClInclude Include="Box2D\Dynamics\Contacts\b2ChainAndPolygonContact.h">
      <Filter>Box2d\Dynamics\Contacts</Filter>
    </ClInclude>
    <ClInclude Include="Box2D\Dynamics\Contacts\b2CircleContact.h">
      <Filter>Box2d\Dynamics\Contacts</Filter>
    </ClInclude>
    <ClInclude Include="Box2D\Dynamics\Contacts\b2Contact.h">
      <Filter>Box2d\Dynamics\Contacts</Filter>
    </ClInclude>
    <ClInclude Include="Box2D\Dynamics\Contacts\b2ContactSolver.h">
      <Filter>Box2d\Dynamics\Contacts</Filter>
    </ClInclude>
    <ClInclude Include="Box2D\Dynamics\Contacts\b2EdgeAndCircleContact.h">
      <Filter>Box2d\Dynamics\Contacts</Filter>
    </ClInclude>
    <ClInclude Include="Box2D\Dynamics\Contacts\b2EdgeAndPolygonContact.h">
      <Filter>Box2d\Dynamics\Contacts</Filter>
    </ClInclude>
    <ClInclude Include="Box2D\Dynamics\Contacts\b2PolygonAndCircleContact.h">
      <Filter>Box2d\Dynamics\Contacts</Filter>
    </ClInclude>
    <ClInclude Include="Box2D\Dynamics\Contacts\b2PolygonContact.h">
      <Filter>Box2d\Dynamics\Contacts</Filter>
    </ClInclude>
    <ClInclude Include="Box2D\Dynamics\Joints\b2DistanceJoint.h">
      <Filter>Box2d\Dynamics\Joints</Filter>
    </ClInclude>
    <ClInclude Include="Box2D\Dynamics\Joints\b2FrictionJoint.h">
      <Filter>Box2d\Dynamics\Joints</Filter>
    </ClInclude>
    <ClInclude Include="Box2D\Dynamics\Joints\b2GearJoint.h">
      <Filter>Box2d\Dynamics\Joints</Filter>
    </ClInclude>
    <ClInclude Include="Box2D\Dynamics\Joints\b2Joint.h">
      <Filter>Box2d\Dynamics\Joints</Filter>
    </ClInclude>
    <ClInclude Include="Box2D\Dynamics\Joints\b2MotorJoint.h">
      <Filter>Box2d\Dynamics\Joints</Filter>
    </ClInclude>
    <ClInclude Include="Box2D\Dynamics\Joints\b2MouseJoint.h">
      <Filter>Box2d\Dynamics\Joints</Filter>
    </ClInclude>
    <ClInclude Include="Box2D\Dynamics\Joints\b2PrismaticJoint.h">
      <Filter>Box2d\Dynamics\Joints</Filter>
    </ClInclude>
    <ClInclude Include="Box2D\Dynamics\Joints\b2PulleyJoint.h">
      <Filter>Box2d\Dynamics\Joints</Filter>
    </ClInclude>
    <ClInclude Include="Box2D\Dynamics\Joints\b2RevoluteJoint.h">
      <Filter>Box2d\Dynamics\Joints</Filter>
    </ClInclude>
    <ClInclude Include="Box2D\Dynamics\Joints\b2RopeJoint.h">
      <Filter>Box2d\Dynamics\Joints</Filter>
    </ClInclude>
    <ClInclude Include="Box2D\Dynamics\Joints\b2WeldJoint.h">
      <Filter>Box2d\Dynamics\Joints</Filter>
    </ClInclude>
    <ClInclude Include="Box2D\Dynamics\Joints\b2WheelJoint.h">
      <Filter>Box2d\Dynamics\Joints</Filter>
    </ClInclude>
    <ClInclude Include="Box2D\Rope\b2Rope.h">
      <Filter>Box2d\Rope</Filter>
    </ClInclude>
    <ClInclude Include="Utils\RateLimiter.h">
      <Filter>Utils</Filter>
    </ClInclude>
    <ClInclude Include="Manager\Manager.h">
      <Filter>Manager</Filter>
    </ClInclude>
    <ClInclude Include="UserComponents\UserComponents.h">
      <Filter>UserComponents</Filter>
    </ClInclude>
    <ClInclude Include="Types.h" />
    <ClInclude Include="UserComponents\Character\CharacterControlsComponent.h">
      <Filter>UserComponents\Character</Filter>
    </ClInclude>
    <ClInclude Include="UserComponents\Rocket\RocketControlsComponent.h">
      <Filter>UserComponents\Rocket</Filter>
    </ClInclude>
    <ClInclude Include="UserComponents\Gun\GunControlsComponent.h">
      <Filter>UserComponents\Gun</Filter>
    </ClInclude>
    <ClInclude Include="UserComponents\Gun\GunPhysicsComponent.h">
      <Filter>UserComponents\Gun</Filter>
    </ClInclude>
    <ClInclude Include="BloxFW\core\Block.h">
      <Filter>BloxFW\core</Filter>
    </ClInclude>
    <ClInclude Include="BloxFW\core\Box.h">
      <Filter>BloxFW\core</Filter>
    </ClInclude>
    <ClInclude Include="BloxFW\core\ManagerBox.h">
      <Filter>BloxFW\core</Filter>
    </ClInclude>
    <ClInclude Include="BloxFW\utils\container.h">
      <Filter>BloxFW\utils</Filter>
    </ClInclude>
    <ClInclude Include="BloxFW\utils\labeled_container.h">
      <Filter>BloxFW\utils</Filter>
    </ClInclude>
    <ClInclude Include="BloxFW\utils\types.h">
      <Filter>BloxFW\utils</Filter>
    </ClInclude>
    <ClInclude Include="BloxFW\tools\Debug.h">
      <Filter>BloxFW\tools</Filter>
    </ClInclude>
    <ClInclude Include="BloxFW\BloxFW.h">
      <Filter>BloxFW</Filter>
    </ClInclude>
    <ClInclude Include="Manager\Box2DManager\Box2DManager.h">
      <Filter>Manager\Box2DManager</Filter>
    </ClInclude>
    <ClInclude Include="Manager\SFMLManager\SFMLManager.h">
      <Filter>Manager\SFMLManager</Filter>
    </ClInclude>
    <ClInclude Include="Factory\Box2DFactory\Box2DFactory.h">
      <Filter>Factory\Box2DFactory</Filter>
    </ClInclude>
    <ClInclude Include="Factory\Box2DFactory\FixtureShapes.h">
      <Filter>Factory\Box2DFactory</Filter>
    </ClInclude>
    <ClInclude Include="Factory\Box2DFactory\Material.h">
      <Filter>Factory\Box2DFactory</Filter>
    </ClInclude>
    <ClInclude Include="Factory\Box2DFactory\UserMaterials.h">
      <Filter>Factory\Box2DFactory</Filter>
    </ClInclude>
    <ClInclude Include="Factory\SFMLFactory\SFMLFactory.h">
      <Filter>Factory\SFMLFactory</Filter>
    </ClInclude>
    <ClInclude Include="Utils\Timer.h">
      <Filter>Utils</Filter>
    </ClInclude>
    <ClInclude Include="Utils\DebugManager.h">
      <Filter>Utils</Filter>
    </ClInclude>
    <ClInclude Include="UserComponents\Message\Message.h">
      <Filter>UserComponents</Filter>
    </ClInclude>
    <ClInclude Include="FWInterface\Component.h">
      <Filter>FWInterface</Filter>
    </ClInclude>
    <ClInclude Include="FWInterface\Entity.h">
      <Filter>FWInterface</Filter>
    </ClInclude>
    <ClInclude Include="FWInterface\EntityManager.h">
      <Filter>FWInterface</Filter>
    </ClInclude>
    <ClInclude Include="BaseComponents\Box2DPhysics\Box2DPhysicsComponent.h">
      <Filter>BaseComponents\Box2DPhysics</Filter>
    </ClInclude>
    <ClInclude Include="BaseComponents\SFMLControls\SFMLControlsComponent.h">
      <Filter>BaseComponents\SFMLControls</Filter>
    </ClInclude>
    <ClInclude Include="BaseComponents\SFMLGraphics\SFMLGraphicsComponent.h">
      <Filter>BaseComponents\SFMLGraphics</Filter>
    </ClInclude>
    <ClInclude Include="FWInterface\FWInterface.h">
      <Filter>FWInterface</Filter>
    </ClInclude>
    <ClInclude Include="Factory\Factory.h">
      <Filter>Factory</Filter>
    </ClInclude>
    <ClInclude Include="Factory\ItemFactory\ItemFactory.h">
      <Filter>Factory\ItemFactory</Filter>
    </ClInclude>
    <ClInclude Include="Factory\ItemFactory\ItemType.h">
      <Filter>Factory\ItemFactory</Filter>
    </ClInclude>
    <ClInclude Include="Factory\ItemFactory\UserItems.h">
      <Filter>Factory\ItemFactory</Filter>
    </ClInclude>
    <ClInclude Include="UserComponents\Basic\BasicControlsComponent.h">
      <Filter>UserComponents\Basic</Filter>
    </ClInclude>
    <ClInclude Include="UserComponents\Basic\BasicGraphicsComponent.h">
      <Filter>UserComponents\Basic</Filter>
    </ClInclude>
    <ClInclude Include="UserComponents\Basic\BasicPhysicsComponent.h">
      <Filter>UserComponents\Basic</Filter>
    </ClInclude>
    <ClInclude Include="BaseComponents\Message.h">
      <Filter>BaseComponents</Filter>
    </ClInclude>
  </ItemGroup>
</Project>